
Microsoft Visual Studio Solution File, Format Version 12.00
# Visual Studio Version 16
VisualStudioVersion = 16.0.29503.13
MinimumVisualStudioVersion = 10.0.40219.1
Project("{FAE04EC0-301F-11D3-BF4B-00C04F79EFBC}") = "Retailr3", "Retailr3\Retailr3.csproj", "{5B22864D-1603-479C-A175-CA117307D996}"
EndProject
Project("{FAE04EC0-301F-11D3-BF4B-00C04F79EFBC}") = "Core", "Core\Core.csproj", "{D07EAD81-4E83-4D88-91F0-C4A8B2608A2A}"
EndProject
Project("{FAE04EC0-301F-11D3-BF4B-00C04F79EFBC}") = "Infrastructure", "Infrastructure\Infrastructure.csproj", "{12DE8A2B-AF78-4415-BE4D-849F7F76C0C0}"
EndProject
Global
	GlobalSection(SolutionConfigurationPlatforms) = preSolution
		Debug|Any CPU = Debug|Any CPU
		Release|Any CPU = Release|Any CPU
	EndGlobalSection
	GlobalSection(ProjectConfigurationPlatforms) = postSolution
		{5B22864D-1603-479C-A175-CA117307D996}.Debug|Any CPU.ActiveCfg = Debug|Any CPU
		{5B22864D-1603-479C-A175-CA117307D996}.Debug|Any CPU.Build.0 = Debug|Any CPU
		{5B22864D-1603-479C-A175-CA117307D996}.Release|Any CPU.ActiveCfg = Release|Any CPU
		{5B22864D-1603-479C-A175-CA117307D996}.Release|Any CPU.Build.0 = Release|Any CPU
		{D07EAD81-4E83-4D88-91F0-C4A8B2608A2A}.Debug|Any CPU.ActiveCfg = Debug|Any CPU
		{D07EAD81-4E83-4D88-91F0-C4A8B2608A2A}.Debug|Any CPU.Build.0 = Debug|Any CPU
		{D07EAD81-4E83-4D88-91F0-C4A8B2608A2A}.Release|Any CPU.ActiveCfg = Release|Any CPU
		{D07EAD81-4E83-4D88-91F0-C4A8B2608A2A}.Release|Any CPU.Build.0 = Release|Any CPU
		{12DE8A2B-AF78-4415-BE4D-849F7F76C0C0}.Debug|Any CPU.ActiveCfg = Debug|Any CPU
		{12DE8A2B-AF78-4415-BE4D-849F7F76C0C0}.Debug|Any CPU.Build.0 = Debug|Any CPU
		{12DE8A2B-AF78-4415-BE4D-849F7F76C0C0}.Release|Any CPU.ActiveCfg = Release|Any CPU
		{12DE8A2B-AF78-4415-BE4D-849F7F76C0C0}.Release|Any CPU.Build.0 = Release|Any CPU
	EndGlobalSection
	GlobalSection(SolutionProperties) = preSolution
		HideSolutionNode = FALSE
	EndGlobalSection
	GlobalSection(ExtensibilityGlobals) = postSolution
		SolutionGuid = {F2BAD41B-801D-4D50-9575-26A7F5CB33B1}
	EndGlobalSection
EndGlobal
